
Microsoft Visual Studio Solution File, Format Version 12.00
# Visual Studio Version 16
VisualStudioVersion = 16.0.34601.136
MinimumVisualStudioVersion = 10.0.40219.1
Project("{FAE04EC0-301F-11D3-BF4B-00C04F79EFBC}") = "dev1", "dev1\dev1.csproj", "{70783E8F-4EC1-4732-A520-F8A7557C4A01}"
EndProject
Global
	GlobalSection(SolutionConfigurationPlatforms) = preSolution
		Debug|Any CPU = Debug|Any CPU
		Release|Any CPU = Release|Any CPU
	EndGlobalSection
	GlobalSection(ProjectConfigurationPlatforms) = postSolution
		{70783E8F-4EC1-4732-A520-F8A7557C4A01}.Debug|Any CPU.ActiveCfg = Debug|Any CPU
		{70783E8F-4EC1-4732-A520-F8A7557C4A01}.Debug|Any CPU.Build.0 = Debug|Any CPU
		{70783E8F-4EC1-4732-A520-F8A7557C4A01}.Release|Any CPU.ActiveCfg = Release|Any CPU
		{70783E8F-4EC1-4732-A520-F8A7557C4A01}.Release|Any CPU.Build.0 = Release|Any CPU
	EndGlobalSection
	GlobalSection(SolutionProperties) = preSolution
		HideSolutionNode = FALSE
	EndGlobalSection
	GlobalSection(ExtensibilityGlobals) = postSolution
		SolutionGuid = {5DCCA660-9BD5-4317-96B8-C3947BFA277D}
	EndGlobalSection
EndGlobal
